
Microsoft Visual Studio Solution File, Format Version 12.00
# Visual Studio Version 16
VisualStudioVersion = 16.0.31321.278
MinimumVisualStudioVersion = 10.0.40219.1
Project("{FAE04EC0-301F-11D3-BF4B-00C04F79EFBC}") = "Netzwelt", "Netzwelt.csproj", "{221F0AC3-40D7-4330-9966-0FDEDA961923}"
EndProject
Global
	GlobalSection(SolutionConfigurationPlatforms) = preSolution
		Debug|Any CPU = Debug|Any CPU
		Release|Any CPU = Release|Any CPU
	EndGlobalSection
	GlobalSection(ProjectConfigurationPlatforms) = postSolution
		{221F0AC3-40D7-4330-9966-0FDEDA961923}.Debug|Any CPU.ActiveCfg = Debug|Any CPU
		{221F0AC3-40D7-4330-9966-0FDEDA961923}.Debug|Any CPU.Build.0 = Debug|Any CPU
		{221F0AC3-40D7-4330-9966-0FDEDA961923}.Release|Any CPU.ActiveCfg = Release|Any CPU
		{221F0AC3-40D7-4330-9966-0FDEDA961923}.Release|Any CPU.Build.0 = Release|Any CPU
	EndGlobalSection
	GlobalSection(SolutionProperties) = preSolution
		HideSolutionNode = FALSE
	EndGlobalSection
	GlobalSection(ExtensibilityGlobals) = postSolution
		SolutionGuid = {BC74B1DC-A768-4C09-90E1-B166A23BD2F1}
	EndGlobalSection
EndGlobal
